<?xml version="1.0"?>
<CONFIG>
  <ProjectOptions>
    <Version Value="9"/>
    <PathDelim Value="\"/>
    <General>
      <SessionStorage Value="InProjectDir"/>
      <MainUnit Value="0"/>
      <Title Value="Schedule"/>
      <ResourceType Value="res"/>
      <UseXPManifest Value="True"/>
      <Icon Value="0"/>
    </General>
    <i18n>
      <EnableI18N LFM="False"/>
    </i18n>
    <VersionInfo>
      <StringTable ProductVersion=""/>
    </VersionInfo>
    <BuildModes Count="1">
      <Item1 Name="Default" Default="True"/>
    </BuildModes>
    <PublishOptions>
      <Version Value="2"/>
      <IncludeFileFilter Value="*.(pas|pp|inc|lfm|lpr|lrs|lpi|lpk|sh|xml)"/>
      <ExcludeFileFilter Value="*.(bak|ppu|o|so);*~;backup"/>
    </PublishOptions>
    <RunParams>
      <local>
        <FormatVersion Value="1"/>
      </local>
    </RunParams>
    <RequiredPackages Count="3">
      <Item1>
        <PackageName Value="FCL"/>
      </Item1>
      <Item2>
        <PackageName Value="SQLDBLaz"/>
      </Item2>
      <Item3>
        <PackageName Value="LCL"/>
      </Item3>
    </RequiredPackages>
    <Units Count="24">
      <Unit0>
        <Filename Value="Schedule.lpr"/>
        <IsPartOfProject Value="True"/>
        <UnitName Value="Schedule"/>
      </Unit0>
      <Unit1>
        <Filename Value="uscheduleform.pas"/>
        <IsPartOfProject Value="True"/>
        <ComponentName Value="ScheduleF"/>
        <HasResources Value="True"/>
        <ResourceBaseClass Value="Form"/>
        <UnitName Value="UScheduleForm"/>
      </Unit1>
      <Unit2>
        <Filename Value="udirectoryform.pas"/>
        <IsPartOfProject Value="True"/>
        <ComponentName Value="DirectoryF"/>
        <HasResources Value="True"/>
        <ResourceBaseClass Value="Form"/>
        <UnitName Value="UDirectoryForm"/>
      </Unit2>
      <Unit3>
        <Filename Value="udatamodule.pas"/>
        <IsPartOfProject Value="True"/>
        <ComponentName Value="ScheduleDM"/>
        <HasResources Value="True"/>
        <ResourceBaseClass Value="DataModule"/>
        <UnitName Value="UDataModule"/>
      </Unit3>
      <Unit4>
        <Filename Value="upropertyform.pas"/>
        <IsPartOfProject Value="True"/>
        <ComponentName Value="PropertyF"/>
        <HasResources Value="True"/>
        <ResourceBaseClass Value="Form"/>
        <UnitName Value="UPropertyForm"/>
      </Unit4>
      <Unit5>
        <Filename Value="umetadata.pas"/>
        <IsPartOfProject Value="True"/>
        <UnitName Value="UMetadata"/>
      </Unit5>
      <Unit6>
        <Filename Value="uedits.pas"/>
        <IsPartOfProject Value="True"/>
        <UnitName Value="UEdits"/>
      </Unit6>
      <Unit7>
        <Filename Value="uminifilterframe.pas"/>
        <IsPartOfProject Value="True"/>
        <ComponentName Value="MiniFilterFrame"/>
        <HasResources Value="True"/>
        <ResourceBaseClass Value="Frame"/>
        <UnitName Value="UMiniFilterFrame"/>
      </Unit7>
      <Unit8>
        <Filename Value="ubigfilterframe.pas"/>
        <IsPartOfProject Value="True"/>
        <ComponentName Value="BigFilterFrame"/>
        <HasResources Value="True"/>
        <ResourceBaseClass Value="Frame"/>
        <UnitName Value="UBigFilterFrame"/>
      </Unit8>
      <Unit9>
        <Filename Value="utimetableform.pas"/>
        <IsPartOfProject Value="True"/>
        <ComponentName Value="TimetableF"/>
        <HasResources Value="True"/>
        <ResourceBaseClass Value="Form"/>
        <UnitName Value="UTimetableForm"/>
      </Unit9>
      <Unit10>
        <Filename Value="usqlcompatible.pas"/>
        <IsPartOfProject Value="True"/>
        <UnitName Value="USQLCompatible"/>
      </Unit10>
      <Unit11>
        <Filename Value="uminisortingframe.pas"/>
        <IsPartOfProject Value="True"/>
        <ComponentName Value="MiniSortingFrame"/>
        <HasResources Value="True"/>
        <ResourceBaseClass Value="Frame"/>
        <UnitName Value="UMiniSortingFrame"/>
      </Unit11>
      <Unit12>
        <Filename Value="ubasicframe.pas"/>
        <IsPartOfProject Value="True"/>
        <ComponentName Value="BasicFrame"/>
        <HasResources Value="True"/>
        <ResourceBaseClass Value="Frame"/>
        <UnitName Value="UBasicFrame"/>
      </Unit12>
      <Unit13>
        <Filename Value="uextendedfilterframe.pas"/>
        <IsPartOfProject Value="True"/>
        <ComponentName Value="ExtendedFilterFrame"/>
        <HasResources Value="True"/>
        <ResourceBaseClass Value="Frame"/>
        <UnitName Value="UExtendedFilterFrame"/>
      </Unit13>
      <Unit14>
        <Filename Value="uglobalfiltersframe.pas"/>
        <IsPartOfProject Value="True"/>
        <ComponentName Value="GlobalFiltersFrame"/>
        <HasResources Value="True"/>
        <ResourceBaseClass Value="Frame"/>
        <UnitName Value="UGlobalFiltersFrame"/>
      </Unit14>
      <Unit15>
        <Filename Value="uglobalrowcolframe.pas"/>
        <IsPartOfProject Value="True"/>
        <ComponentName Value="GlobalRowColFrame"/>
        <HasResources Value="True"/>
        <ResourceBaseClass Value="Frame"/>
        <UnitName Value="UGlobalRowColFrame"/>
      </Unit15>
      <Unit16>
        <Filename Value="uworldsectionframe.pas"/>
        <IsPartOfProject Value="True"/>
        <ComponentName Value="WorldSectionFrame"/>
        <HasResources Value="True"/>
        <ResourceBaseClass Value="Frame"/>
        <UnitName Value="UWorldSectionFrame"/>
      </Unit16>
      <Unit17>
        <Filename Value="ubuttons.pas"/>
        <IsPartOfProject Value="True"/>
        <UnitName Value="UButtons"/>
      </Unit17>
      <Unit18>
        <Filename Value="uconflictform.pas"/>
        <IsPartOfProject Value="True"/>
        <ComponentName Value="ConflictsF"/>
        <HasResources Value="True"/>
        <ResourceBaseClass Value="Form"/>
        <UnitName Value="UConflictForm"/>
      </Unit18>
      <Unit19>
        <Filename Value="upropconflictsform.pas"/>
        <IsPartOfProject Value="True"/>
        <ComponentName Value="PropConflictsF"/>
        <HasResources Value="True"/>
        <ResourceBaseClass Value="Form"/>
        <UnitName Value="UPropConflictsForm"/>
      </Unit19>
      <Unit20>
        <Filename Value="uexcel.pas"/>
        <IsPartOfProject Value="True"/>
        <UnitName Value="UExcel"/>
      </Unit20>
      <Unit21>
        <Filename Value="uexcelconst.pas"/>
        <IsPartOfProject Value="True"/>
        <UnitName Value="UExcelConst"/>
      </Unit21>
      <Unit22>
        <Filename Value="uaboutform.pas"/>
        <IsPartOfProject Value="True"/>
        <ComponentName Value="About"/>
        <HasResources Value="True"/>
        <ResourceBaseClass Value="Form"/>
        <UnitName Value="UAboutForm"/>
      </Unit22>
      <Unit23>
        <Filename Value="ubuttonsstatic.pas"/>
        <IsPartOfProject Value="True"/>
        <UnitName Value="UButtonsStatic"/>
      </Unit23>
    </Units>
  </ProjectOptions>
  <CompilerOptions>
    <Version Value="11"/>
    <PathDelim Value="\"/>
    <Target>
      <Filename Value="Schedule"/>
    </Target>
    <SearchPaths>
      <IncludeFiles Value="$(ProjOutDir)"/>
      <UnitOutputDirectory Value="lib\$(TargetCPU)-$(TargetOS)"/>
    </SearchPaths>
    <Linking>
      <Options>
        <Win32>
          <GraphicApplication Value="True"/>
        </Win32>
      </Options>
    </Linking>
    <Other>
      <CompilerMessages>
        <MsgFileName Value=""/>
      </CompilerMessages>
      <CompilerPath Value="$(CompPath)"/>
    </Other>
  </CompilerOptions>
  <Debugging>
    <Exceptions Count="3">
      <Item1>
        <Name Value="EAbort"/>
      </Item1>
      <Item2>
        <Name Value="ECodetoolError"/>
      </Item2>
      <Item3>
        <Name Value="EFOpenError"/>
      </Item3>
    </Exceptions>
  </Debugging>
</CONFIG>
